
Microsoft Visual Studio Solution File, Format Version 12.00
# Visual Studio 15
VisualStudioVersion = 15.0.27130.2010
MinimumVisualStudioVersion = 10.0.40219.1
Project("{8BC9CEB8-8B4A-11D0-8D11-00A0C91BC942}") = "Chat_Server_Dgl", "Chat_Server_Dgl\Chat_Server_Dgl.vcxproj", "{FEF94886-2A2A-4984-8230-E66C6788E0DC}"
EndProject
Project("{8BC9CEB8-8B4A-11D0-8D11-00A0C91BC942}") = "Chat_Server_GUI", "Chat_Server_GUI\Chat_Server_GUI.vcxproj", "{76DC9F72-5602-4380-96FF-A4B6110A1C85}"
EndProject
Global
	GlobalSection(SolutionConfigurationPlatforms) = preSolution
		Debug|x64 = Debug|x64
		Debug|x86 = Debug|x86
		Release|x64 = Release|x64
		Release|x86 = Release|x86
	EndGlobalSection
	GlobalSection(ProjectConfigurationPlatforms) = postSolution
		{FEF94886-2A2A-4984-8230-E66C6788E0DC}.Debug|x64.ActiveCfg = Debug|x64
		{FEF94886-2A2A-4984-8230-E66C6788E0DC}.Debug|x64.Build.0 = Debug|x64
		{FEF94886-2A2A-4984-8230-E66C6788E0DC}.Debug|x86.ActiveCfg = Debug|Win32
		{FEF94886-2A2A-4984-8230-E66C6788E0DC}.Debug|x86.Build.0 = Debug|Win32
		{FEF94886-2A2A-4984-8230-E66C6788E0DC}.Release|x64.ActiveCfg = Release|x64
		{FEF94886-2A2A-4984-8230-E66C6788E0DC}.Release|x64.Build.0 = Release|x64
		{FEF94886-2A2A-4984-8230-E66C6788E0DC}.Release|x86.ActiveCfg = Release|Win32
		{FEF94886-2A2A-4984-8230-E66C6788E0DC}.Release|x86.Build.0 = Release|Win32
		{76DC9F72-5602-4380-96FF-A4B6110A1C85}.Debug|x64.ActiveCfg = Debug|x64
		{76DC9F72-5602-4380-96FF-A4B6110A1C85}.Debug|x64.Build.0 = Debug|x64
		{76DC9F72-5602-4380-96FF-A4B6110A1C85}.Debug|x86.ActiveCfg = Debug|Win32
		{76DC9F72-5602-4380-96FF-A4B6110A1C85}.Debug|x86.Build.0 = Debug|Win32
		{76DC9F72-5602-4380-96FF-A4B6110A1C85}.Release|x64.ActiveCfg = Release|x64
		{76DC9F72-5602-4380-96FF-A4B6110A1C85}.Release|x64.Build.0 = Release|x64
		{76DC9F72-5602-4380-96FF-A4B6110A1C85}.Release|x86.ActiveCfg = Release|Win32
		{76DC9F72-5602-4380-96FF-A4B6110A1C85}.Release|x86.Build.0 = Release|Win32
	EndGlobalSection
	GlobalSection(SolutionProperties) = preSolution
		HideSolutionNode = FALSE
	EndGlobalSection
	GlobalSection(ExtensibilityGlobals) = postSolution
		SolutionGuid = {738D88F6-8C06-44A7-9AB7-C401E30B1EC2}
	EndGlobalSection
EndGlobal
